# THIS IS AN AUTOGENERATED FILE. DO NOT EDIT THIS FILE DIRECTLY.
# yarn lockfile v1


js-base64@^3.6.0:
  version "3.6.1"
  resolved "https://registry.yarnpkg.com/js-base64/-/js-base64-3.6.1.tgz#555aae398b74694b4037af1f8a5a6209d170efbe"
  integrity sha512-Frdq2+tRRGLQUIQOgsIGSCd1VePCS2fsddTG5dTCqR0JHgltXWfsxnY0gIXPoMeRmdom6Oyq+UMOFg5suduOjQ==

miao-lang@^1.0.3:
  version "1.0.3"
  resolved "https://registry.yarnpkg.com/miao-lang/-/miao-lang-1.0.3.tgz#276999788f6eee2b600db66a0d72b3f53bcbd6ab"
  integrity sha512-AXxAKfRUSFwvF0RMJ8qkUtUbVHdNqGA71k+4/38ikh2mK1iRoiDueuTannVF+9NqzSXi770GKMuGEFXu/+Ithg==
  dependencies:
    js-base64 "^3.6.0"
