# THIS IS AN AUTOGENERATED FILE. DO NOT EDIT THIS FILE DIRECTLY.
# yarn lockfile v1


"@bbob/parser@^2.7.0":
  version "2.7.0"
  resolved "https://registry.nlark.com/@bbob/parser/download/@bbob/parser-2.7.0.tgz#ed56a1169d9f69e6defe4512ca65cd004a9a6dcc"
  integrity sha1-7VahFp2faebe/kUSymXNAEqabcw=
  dependencies:
    "@bbob/plugin-helper" "^2.7.0"

"@bbob/plugin-helper@^2.7.0":
  version "2.7.0"
  resolved "https://registry.nlark.com/@bbob/plugin-helper/download/@bbob/plugin-helper-2.7.0.tgz#e24f4a103a2b4daa71674d751af766c791d1d570"
  integrity sha1-4k9KEDorTapxZ011Gvdmx5HR1XA=

ip-regex@^4.1.0:
  version "4.3.0"
  resolved "https://registry.nlark.com/ip-regex/download/ip-regex-4.3.0.tgz#687275ab0f57fa76978ff8f4dddc8a23d5990db5"
  integrity sha1-aHJ1qw9X+naXj/j03dyKI9WZDbU=

tlds@^1.203.0:
  version "1.221.1"
  resolved "https://registry.nlark.com/tlds/download/tlds-1.221.1.tgz?cache=0&other_urls=https%3A%2F%2Fregistry.nlark.com%2Ftlds%2Fdownload%2Ftlds-1.221.1.tgz#6cf6bff5eaf30c5618c5801c3f425a6dc61ca0ad"
  integrity sha1-bPa/9erzDFYYxYAcP0JabcYcoK0=

url-regex@^5.0.0:
  version "5.0.0"
  resolved "https://registry.npm.taobao.org/url-regex/download/url-regex-5.0.0.tgz#8f5456ab83d898d18b2f91753a702649b873273a"
  integrity sha1-j1RWq4PYmNGLL5F1OnAmSbhzJzo=
  dependencies:
    ip-regex "^4.1.0"
    tlds "^1.203.0"
