# THIS IS AN AUTOGENERATED FILE. DO NOT EDIT THIS FILE DIRECTLY.
# yarn lockfile v1


"@popperjs/core@^2.9.2":
  version "2.10.1"
  resolved "https://registry.nlark.com/@popperjs/core/download/@popperjs/core-2.10.1.tgz#728ecd95ab207aab8a9a4e421f0422db329232be"
  integrity sha1-co7NlasgequKmk5CHwQi2zKSMr4=

deepmerge@^4.2.2:
  version "4.2.2"
  resolved "https://registry.npm.taobao.org/deepmerge/download/deepmerge-4.2.2.tgz#44d2ea3679b8f4d4ffba33f03d865fc1e7bf4955"
  integrity sha1-RNLqNnm49NT/ujPwPYZfwee/SVU=

shepherd.js@^8.3.1:
  version "8.3.1"
  resolved "https://registry.nlark.com/shepherd.js/download/shepherd.js-8.3.1.tgz#131eeefc5eb2bc44c9e23d0da139db46b2b55339"
  integrity sha1-Ex7u/F6yvETJ4j0NoTnbRrK1Uzk=
  dependencies:
    "@popperjs/core" "^2.9.2"
    deepmerge "^4.2.2"
    smoothscroll-polyfill "^0.4.4"

smoothscroll-polyfill@^0.4.4:
  version "0.4.4"
  resolved "https://registry.nlark.com/smoothscroll-polyfill/download/smoothscroll-polyfill-0.4.4.tgz#3a259131dc6930e6ca80003e1cb03b603b69abf8"
  integrity sha1-OiWRMdxpMObKgAA+HLA7YDtpq/g=
